
Microsoft Visual Studio Solution File, Format Version 12.00
# Visual Studio Version 16
VisualStudioVersion = 16.0.29519.181
MinimumVisualStudioVersion = 15.0.26124.0
Project("{9A19103F-16F7-4668-BE54-9A1E7A4F7556}") = "Tests", "Tests\Tests.csproj", "{63A7A7E7-4662-4951-8085-2410136831A5}"
EndProject
Project("{2150E333-8FDC-42A3-9474-1A3956D46DE8}") = "Solution Items", "Solution Items", "{10316312-2CA0-40D4-B81E-1445CE0B61E2}"
	ProjectSection(SolutionItems) = preProject
		Readme.md = Readme.md
	EndProjectSection
EndProject
Global
	GlobalSection(SolutionConfigurationPlatforms) = preSolution
		Debug|Any CPU = Debug|Any CPU
		Debug|x64 = Debug|x64
		Debug|x86 = Debug|x86
		Release|Any CPU = Release|Any CPU
		Release|x64 = Release|x64
		Release|x86 = Release|x86
	EndGlobalSection
	GlobalSection(ProjectConfigurationPlatforms) = postSolution
		{63A7A7E7-4662-4951-8085-2410136831A5}.Debug|Any CPU.ActiveCfg = Debug|Any CPU
		{63A7A7E7-4662-4951-8085-2410136831A5}.Debug|Any CPU.Build.0 = Debug|Any CPU
		{63A7A7E7-4662-4951-8085-2410136831A5}.Debug|x64.ActiveCfg = Debug|Any CPU
		{63A7A7E7-4662-4951-8085-2410136831A5}.Debug|x64.Build.0 = Debug|Any CPU
		{63A7A7E7-4662-4951-8085-2410136831A5}.Debug|x86.ActiveCfg = Debug|Any CPU
		{63A7A7E7-4662-4951-8085-2410136831A5}.Debug|x86.Build.0 = Debug|Any CPU
		{63A7A7E7-4662-4951-8085-2410136831A5}.Release|Any CPU.ActiveCfg = Release|Any CPU
		{63A7A7E7-4662-4951-8085-2410136831A5}.Release|Any CPU.Build.0 = Release|Any CPU
		{63A7A7E7-4662-4951-8085-2410136831A5}.Release|x64.ActiveCfg = Release|Any CPU
		{63A7A7E7-4662-4951-8085-2410136831A5}.Release|x64.Build.0 = Release|Any CPU
		{63A7A7E7-4662-4951-8085-2410136831A5}.Release|x86.ActiveCfg = Release|Any CPU
		{63A7A7E7-4662-4951-8085-2410136831A5}.Release|x86.Build.0 = Release|Any CPU
	EndGlobalSection
	GlobalSection(SolutionProperties) = preSolution
		HideSolutionNode = FALSE
	EndGlobalSection
	GlobalSection(ExtensibilityGlobals) = postSolution
		SolutionGuid = {F36FFCAE-F71E-446F-B889-C6841667D2D1}
	EndGlobalSection
EndGlobal
